{
  "name": "AI_4",
  "lockfileVersion": 3,
  "requires": true,
  "packages": {
    "": {
      "dependencies": {
        "undici": "^7.14.0"
      }
    },
    "node_modules/undici": {
      "version": "7.14.0",
      "resolved": "https://registry.npmjs.org/undici/-/undici-7.14.0.tgz",
      "integrity": "sha512-Vqs8HTzjpQXZeXdpsfChQTlafcMQaaIwnGwLam1wudSSjlJeQ3bw1j+TLPePgrCnCpUXx7Ba5Pdpf5OBih62NQ==",
      "license": "MIT",
      "engines": {
        "node": ">=20.18.1"
      }
    }
  }
}
